
Microsoft Visual Studio Solution File, Format Version 12.00
# Visual Studio 14
VisualStudioVersion = 14.0.25420.1
MinimumVisualStudioVersion = 10.0.40219.1
Project("{FAE04EC0-301F-11D3-BF4B-00C04F79EFBC}") = "INFINITY", "INFINITY\INFINITY.csproj", "{3DD91E0C-AC44-4668-81B5-8FA25E48502B}"
EndProject
Project("{FAE04EC0-301F-11D3-BF4B-00C04F79EFBC}") = "INFINITY.Tests", "INFINITY.Tests\INFINITY.Tests.csproj", "{0137A91F-3EE8-4ED4-AA4F-1E5E89FBBFC0}"
EndProject
Global
	GlobalSection(SolutionConfigurationPlatforms) = preSolution
		Debug|Any CPU = Debug|Any CPU
		Release|Any CPU = Release|Any CPU
	EndGlobalSection
	GlobalSection(ProjectConfigurationPlatforms) = postSolution
		{3DD91E0C-AC44-4668-81B5-8FA25E48502B}.Debug|Any CPU.ActiveCfg = Debug|Any CPU
		{3DD91E0C-AC44-4668-81B5-8FA25E48502B}.Debug|Any CPU.Build.0 = Debug|Any CPU
		{3DD91E0C-AC44-4668-81B5-8FA25E48502B}.Release|Any CPU.ActiveCfg = Release|Any CPU
		{3DD91E0C-AC44-4668-81B5-8FA25E48502B}.Release|Any CPU.Build.0 = Release|Any CPU
		{0137A91F-3EE8-4ED4-AA4F-1E5E89FBBFC0}.Debug|Any CPU.ActiveCfg = Debug|Any CPU
		{0137A91F-3EE8-4ED4-AA4F-1E5E89FBBFC0}.Debug|Any CPU.Build.0 = Debug|Any CPU
		{0137A91F-3EE8-4ED4-AA4F-1E5E89FBBFC0}.Release|Any CPU.ActiveCfg = Release|Any CPU
		{0137A91F-3EE8-4ED4-AA4F-1E5E89FBBFC0}.Release|Any CPU.Build.0 = Release|Any CPU
	EndGlobalSection
	GlobalSection(SolutionProperties) = preSolution
		HideSolutionNode = FALSE
	EndGlobalSection
EndGlobal
